
Microsoft Visual Studio Solution File, Format Version 12.00
# Visual Studio 2013
VisualStudioVersion = 12.0.40629.0
MinimumVisualStudioVersion = 10.0.40219.1
Project("{FAE04EC0-301F-11D3-BF4B-00C04F79EFBC}") = "IdentityDDD.Web", "IdentityDDD.Web\IdentityDDD.Web.csproj", "{F28676B4-5694-4F8B-8398-777347423B0A}"
EndProject
Project("{FAE04EC0-301F-11D3-BF4B-00C04F79EFBC}") = "IdentityDDD.Domain", "IdentityDDD.Domain\IdentityDDD.Domain.csproj", "{04BA5068-9F00-49B9-AC42-CF6305527E1B}"
EndProject
Project("{FAE04EC0-301F-11D3-BF4B-00C04F79EFBC}") = "IdentityDDD.Data.EntityFramework", "IdentityDDD.Data.EntityFramework\IdentityDDD.Data.EntityFramework.csproj", "{C9CFEEF3-E4F2-4AB8-91B3-4641B5DC9B6E}"
EndProject
Global
	GlobalSection(SolutionConfigurationPlatforms) = preSolution
		Debug|Any CPU = Debug|Any CPU
		Release|Any CPU = Release|Any CPU
	EndGlobalSection
	GlobalSection(ProjectConfigurationPlatforms) = postSolution
		{F28676B4-5694-4F8B-8398-777347423B0A}.Debug|Any CPU.ActiveCfg = Debug|Any CPU
		{F28676B4-5694-4F8B-8398-777347423B0A}.Debug|Any CPU.Build.0 = Debug|Any CPU
		{F28676B4-5694-4F8B-8398-777347423B0A}.Release|Any CPU.ActiveCfg = Release|Any CPU
		{F28676B4-5694-4F8B-8398-777347423B0A}.Release|Any CPU.Build.0 = Release|Any CPU
		{04BA5068-9F00-49B9-AC42-CF6305527E1B}.Debug|Any CPU.ActiveCfg = Debug|Any CPU
		{04BA5068-9F00-49B9-AC42-CF6305527E1B}.Debug|Any CPU.Build.0 = Debug|Any CPU
		{04BA5068-9F00-49B9-AC42-CF6305527E1B}.Release|Any CPU.ActiveCfg = Release|Any CPU
		{04BA5068-9F00-49B9-AC42-CF6305527E1B}.Release|Any CPU.Build.0 = Release|Any CPU
		{C9CFEEF3-E4F2-4AB8-91B3-4641B5DC9B6E}.Debug|Any CPU.ActiveCfg = Debug|Any CPU
		{C9CFEEF3-E4F2-4AB8-91B3-4641B5DC9B6E}.Debug|Any CPU.Build.0 = Debug|Any CPU
		{C9CFEEF3-E4F2-4AB8-91B3-4641B5DC9B6E}.Release|Any CPU.ActiveCfg = Release|Any CPU
		{C9CFEEF3-E4F2-4AB8-91B3-4641B5DC9B6E}.Release|Any CPU.Build.0 = Release|Any CPU
	EndGlobalSection
	GlobalSection(SolutionProperties) = preSolution
		HideSolutionNode = FALSE
	EndGlobalSection
EndGlobal
